
Microsoft Visual Studio Solution File, Format Version 12.00
# Visual Studio Version 16
VisualStudioVersion = 16.0.28803.916
MinimumVisualStudioVersion = 10.0.40219.1
Project("{FAE04EC0-301F-11D3-BF4B-00C04F79EFBC}") = "PMenu", "PMenu\PMenu.csproj", "{5361348F-736B-487B-B94B-2252763B879C}"
EndProject
Global
	GlobalSection(SolutionConfigurationPlatforms) = preSolution
		Debug|Any CPU = Debug|Any CPU
		Release|Any CPU = Release|Any CPU
	EndGlobalSection
	GlobalSection(ProjectConfigurationPlatforms) = postSolution
		{5361348F-736B-487B-B94B-2252763B879C}.Debug|Any CPU.ActiveCfg = Debug|Any CPU
		{5361348F-736B-487B-B94B-2252763B879C}.Debug|Any CPU.Build.0 = Debug|Any CPU
		{5361348F-736B-487B-B94B-2252763B879C}.Release|Any CPU.ActiveCfg = Release|Any CPU
		{5361348F-736B-487B-B94B-2252763B879C}.Release|Any CPU.Build.0 = Release|Any CPU
	EndGlobalSection
	GlobalSection(SolutionProperties) = preSolution
		HideSolutionNode = FALSE
	EndGlobalSection
	GlobalSection(ExtensibilityGlobals) = postSolution
		SolutionGuid = {DC55AC45-7C6D-4FD9-A2E6-0E0F80B68CFA}
	EndGlobalSection
EndGlobal
