
Microsoft Visual Studio Solution File, Format Version 12.00
# Visual Studio Version 17
VisualStudioVersion = 17.5.33516.290
MinimumVisualStudioVersion = 10.0.40219.1
Project("{FAE04EC0-301F-11D3-BF4B-00C04F79EFBC}") = "Atividade02", "Atividade02.csproj", "{B2E5F73E-FC67-451A-A390-B8AD901D65DF}"
EndProject
Global
	GlobalSection(SolutionConfigurationPlatforms) = preSolution
		Debug|Any CPU = Debug|Any CPU
		Release|Any CPU = Release|Any CPU
	EndGlobalSection
	GlobalSection(ProjectConfigurationPlatforms) = postSolution
		{B2E5F73E-FC67-451A-A390-B8AD901D65DF}.Debug|Any CPU.ActiveCfg = Debug|Any CPU
		{B2E5F73E-FC67-451A-A390-B8AD901D65DF}.Debug|Any CPU.Build.0 = Debug|Any CPU
		{B2E5F73E-FC67-451A-A390-B8AD901D65DF}.Release|Any CPU.ActiveCfg = Release|Any CPU
		{B2E5F73E-FC67-451A-A390-B8AD901D65DF}.Release|Any CPU.Build.0 = Release|Any CPU
	EndGlobalSection
	GlobalSection(SolutionProperties) = preSolution
		HideSolutionNode = FALSE
	EndGlobalSection
	GlobalSection(ExtensibilityGlobals) = postSolution
		SolutionGuid = {B5D40786-D928-41D8-8FD9-5BCEA24D6914}
	EndGlobalSection
EndGlobal
